
Microsoft Visual Studio Solution File, Format Version 12.00
# Visual Studio Version 16
VisualStudioVersion = 16.0.31424.327
MinimumVisualStudioVersion = 10.0.40219.1
Project("{FAE04EC0-301F-11D3-BF4B-00C04F79EFBC}") = "AlgorithmPrograms", "AlgorithmPrograms\AlgorithmPrograms.csproj", "{337C6965-EA8E-4ACC-A345-71B881D1DC5F}"
EndProject
Global
	GlobalSection(SolutionConfigurationPlatforms) = preSolution
		Debug|Any CPU = Debug|Any CPU
		Release|Any CPU = Release|Any CPU
	EndGlobalSection
	GlobalSection(ProjectConfigurationPlatforms) = postSolution
		{337C6965-EA8E-4ACC-A345-71B881D1DC5F}.Debug|Any CPU.ActiveCfg = Debug|Any CPU
		{337C6965-EA8E-4ACC-A345-71B881D1DC5F}.Debug|Any CPU.Build.0 = Debug|Any CPU
		{337C6965-EA8E-4ACC-A345-71B881D1DC5F}.Release|Any CPU.ActiveCfg = Release|Any CPU
		{337C6965-EA8E-4ACC-A345-71B881D1DC5F}.Release|Any CPU.Build.0 = Release|Any CPU
	EndGlobalSection
	GlobalSection(SolutionProperties) = preSolution
		HideSolutionNode = FALSE
	EndGlobalSection
	GlobalSection(ExtensibilityGlobals) = postSolution
		SolutionGuid = {21C8AF82-916C-49D3-966A-8F9D73BC14E3}
	EndGlobalSection
EndGlobal
